
Microsoft Visual Studio Solution File, Format Version 12.00
# Visual Studio Version 16
VisualStudioVersion = 16.0.33328.57
MinimumVisualStudioVersion = 10.0.40219.1
Project("{FAE04EC0-301F-11D3-BF4B-00C04F79EFBC}") = "Sales2023", "Sales2023\Sales2023.csproj", "{B000E66D-C579-4F9E-9111-FE0BECC95F64}"
EndProject
Global
	GlobalSection(SolutionConfigurationPlatforms) = preSolution
		Debug|Any CPU = Debug|Any CPU
		Release|Any CPU = Release|Any CPU
	EndGlobalSection
	GlobalSection(ProjectConfigurationPlatforms) = postSolution
		{B000E66D-C579-4F9E-9111-FE0BECC95F64}.Debug|Any CPU.ActiveCfg = Debug|Any CPU
		{B000E66D-C579-4F9E-9111-FE0BECC95F64}.Debug|Any CPU.Build.0 = Debug|Any CPU
		{B000E66D-C579-4F9E-9111-FE0BECC95F64}.Release|Any CPU.ActiveCfg = Release|Any CPU
		{B000E66D-C579-4F9E-9111-FE0BECC95F64}.Release|Any CPU.Build.0 = Release|Any CPU
	EndGlobalSection
	GlobalSection(SolutionProperties) = preSolution
		HideSolutionNode = FALSE
	EndGlobalSection
	GlobalSection(ExtensibilityGlobals) = postSolution
		SolutionGuid = {DB167AF5-667A-4677-B3AC-581A91B99A13}
	EndGlobalSection
EndGlobal
